
Microsoft Visual Studio Solution File, Format Version 12.00
# Visual Studio Version 16
VisualStudioVersion = 16.0.29306.81
MinimumVisualStudioVersion = 10.0.40219.1
Project("{FAE04EC0-301F-11D3-BF4B-00C04F79EFBC}") = "GenericCarEventArgs", "GenericCarEventArgs.csproj", "{C9943D93-1366-4F71-9877-F533E03E9779}"
EndProject
Global
	GlobalSection(SolutionConfigurationPlatforms) = preSolution
		Debug|Any CPU = Debug|Any CPU
		Release|Any CPU = Release|Any CPU
	EndGlobalSection
	GlobalSection(ProjectConfigurationPlatforms) = postSolution
		{C9943D93-1366-4F71-9877-F533E03E9779}.Debug|Any CPU.ActiveCfg = Debug|Any CPU
		{C9943D93-1366-4F71-9877-F533E03E9779}.Debug|Any CPU.Build.0 = Debug|Any CPU
		{C9943D93-1366-4F71-9877-F533E03E9779}.Release|Any CPU.ActiveCfg = Release|Any CPU
		{C9943D93-1366-4F71-9877-F533E03E9779}.Release|Any CPU.Build.0 = Release|Any CPU
	EndGlobalSection
	GlobalSection(SolutionProperties) = preSolution
		HideSolutionNode = FALSE
	EndGlobalSection
	GlobalSection(ExtensibilityGlobals) = postSolution
		SolutionGuid = {811E300A-CD38-45E2-A6F1-EF81B9037867}
	EndGlobalSection
EndGlobal
